
Microsoft Visual Studio Solution File, Format Version 12.00
# Visual Studio Version 16
VisualStudioVersion = 16.0.31624.102
MinimumVisualStudioVersion = 10.0.40219.1
Project("{FAE04EC0-301F-11D3-BF4B-00C04F79EFBC}") = "bai2", "bai2.csproj", "{E125DEFF-039B-45ED-B59C-5107E9F2D699}"
EndProject
Global
	GlobalSection(SolutionConfigurationPlatforms) = preSolution
		Debug|Any CPU = Debug|Any CPU
		Release|Any CPU = Release|Any CPU
	EndGlobalSection
	GlobalSection(ProjectConfigurationPlatforms) = postSolution
		{E125DEFF-039B-45ED-B59C-5107E9F2D699}.Debug|Any CPU.ActiveCfg = Debug|Any CPU
		{E125DEFF-039B-45ED-B59C-5107E9F2D699}.Debug|Any CPU.Build.0 = Debug|Any CPU
		{E125DEFF-039B-45ED-B59C-5107E9F2D699}.Release|Any CPU.ActiveCfg = Release|Any CPU
		{E125DEFF-039B-45ED-B59C-5107E9F2D699}.Release|Any CPU.Build.0 = Release|Any CPU
	EndGlobalSection
	GlobalSection(SolutionProperties) = preSolution
		HideSolutionNode = FALSE
	EndGlobalSection
	GlobalSection(ExtensibilityGlobals) = postSolution
		SolutionGuid = {E0A5AF58-167E-4425-8429-CBA61909B32F}
	EndGlobalSection
EndGlobal
